
Microsoft Visual Studio Solution File, Format Version 12.00
# Visual Studio Version 17
VisualStudioVersion = 17.12.35707.178
MinimumVisualStudioVersion = 10.0.40219.1
Project("{FAE04EC0-301F-11D3-BF4B-00C04F79EFBC}") = "CalcClient", "CalcClient\CalcClient.csproj", "{8237D384-2D9C-4816-8A81-12259B99AFFD}"
EndProject
Project("{FAE04EC0-301F-11D3-BF4B-00C04F79EFBC}") = "SearchAPI", "SearchAPI\SearchAPI.csproj", "{CE355E8D-E5BC-4E3A-83EF-5CB6DAEC87DF}"
EndProject
Global
	GlobalSection(SolutionConfigurationPlatforms) = preSolution
		Debug|Any CPU = Debug|Any CPU
		Release|Any CPU = Release|Any CPU
	EndGlobalSection
	GlobalSection(ProjectConfigurationPlatforms) = postSolution
		{8237D384-2D9C-4816-8A81-12259B99AFFD}.Debug|Any CPU.ActiveCfg = Debug|Any CPU
		{8237D384-2D9C-4816-8A81-12259B99AFFD}.Debug|Any CPU.Build.0 = Debug|Any CPU
		{8237D384-2D9C-4816-8A81-12259B99AFFD}.Release|Any CPU.ActiveCfg = Release|Any CPU
		{8237D384-2D9C-4816-8A81-12259B99AFFD}.Release|Any CPU.Build.0 = Release|Any CPU
		{CE355E8D-E5BC-4E3A-83EF-5CB6DAEC87DF}.Debug|Any CPU.ActiveCfg = Debug|Any CPU
		{CE355E8D-E5BC-4E3A-83EF-5CB6DAEC87DF}.Debug|Any CPU.Build.0 = Debug|Any CPU
		{CE355E8D-E5BC-4E3A-83EF-5CB6DAEC87DF}.Release|Any CPU.ActiveCfg = Release|Any CPU
		{CE355E8D-E5BC-4E3A-83EF-5CB6DAEC87DF}.Release|Any CPU.Build.0 = Release|Any CPU
	EndGlobalSection
	GlobalSection(SolutionProperties) = preSolution
		HideSolutionNode = FALSE
	EndGlobalSection
	GlobalSection(ExtensibilityGlobals) = postSolution
		SolutionGuid = {2B3E101B-3813-49E9-BDFB-0EAE81EC312A}
	EndGlobalSection
EndGlobal
